// !$*UTF8*$!
{
	archiveVersion = 1;
	classes = {
	};
	objectVersion = 46;
	objects = {

/* Begin PBXBuildFile section */
		47D956211729E1D8009397C8 /* UIKit.framework in Frameworks */ = {isa = PBXBuildFile; fileRef = 47D956201729E1D8009397C8 /* UIKit.framework */; };
		47D956231729E1D8009397C8 /* Foundation.framework in Frameworks */ = {isa = PBXBuildFile; fileRef = 47D956221729E1D8009397C8 /* Foundation.framework */; };
		47D956251729E1D8009397C8 /* CoreGraphics.framework in Frameworks */ = {isa = PBXBuildFile; fileRef = 47D956241729E1D8009397C8 /* CoreGraphics.framework */; };
		47D9562B1729E1D8009397C8 /* InfoPlist.strings in Resources */ = {isa = PBXBuildFile; fileRef = 47D956291729E1D8009397C8 /* InfoPlist.strings */; };
		47D9562D1729E1D8009397C8 /* main.m in Sources */ = {isa = PBXBuildFile; fileRef = 47D9562C1729E1D8009397C8 /* main.m */; };
		47D956311729E1D8009397C8 /* AppDelegate.m in Sources */ = {isa = PBXBuildFile; fileRef = 47D956301729E1D8009397C8 /* AppDelegate.m */; };
		47D956331729E1D8009397C8 /* Default.png in Resources */ = {isa = PBXBuildFile; fileRef = 47D956321729E1D8009397C8 /* Default.png */; };
		47D956351729E1D8009397C8 /* Default@2x.png in Resources */ = {isa = PBXBuildFile; fileRef = 47D956341729E1D8009397C8 /* Default@2x.png */; };
		47D956371729E1D8009397C8 /* Default-568h@2x.png in Resources */ = {isa = PBXBuildFile; fileRef = 47D956361729E1D8009397C8 /* Default-568h@2x.png */; };
		47D9563A1729E1D8009397C8 /* ViewController.m in Sources */ = {isa = PBXBuildFile; fileRef = 47D956391729E1D8009397C8 /* ViewController.m */; };
		47D9563D1729E1D8009397C8 /* ViewController_iPhone.xib in Resources */ = {isa = PBXBuildFile; fileRef = 47D9563B1729E1D8009397C8 /* ViewController_iPhone.xib */; };
		47D956401729E1D8009397C8 /* ViewController_iPad.xib in Resources */ = {isa = PBXBuildFile; fileRef = 47D9563E1729E1D8009397C8 /* ViewController_iPad.xib */; };
		47D956471729E20B009397C8 /* alien_0.png in Resources */ = {isa = PBXBuildFile; fileRef = 47D956461729E20B009397C8 /* alien_0.png */; };
		47D9564A1729E871009397C8 /* Alien.m in Sources */ = {isa = PBXBuildFile; fileRef = 47D956491729E871009397C8 /* Alien.m */; };
		48C11090A53E48C987E9319B /* libPods.a in Frameworks */ = {isa = PBXBuildFile; fileRef = DAD13404257B4799945430AB /* libPods.a */; };
/* End PBXBuildFile section */

/* Begin PBXFileReference section */
		47D9561D1729E1D8009397C8 /* test.app */ = {isa = PBXFileReference; explicitFileType = wrapper.application; includeInIndex = 0; path = test.app; sourceTree = BUILT_PRODUCTS_DIR; };
		47D956201729E1D8009397C8 /* UIKit.framework */ = {isa = PBXFileReference; lastKnownFileType = wrapper.framework; name = UIKit.framework; path = System/Library/Frameworks/UIKit.framework; sourceTree = SDKROOT; };
		47D956221729E1D8009397C8 /* Foundation.framework */ = {isa = PBXFileReference; lastKnownFileType = wrapper.framework; name = Foundation.framework; path = System/Library/Frameworks/Foundation.framework; sourceTree = SDKROOT; };
		47D956241729E1D8009397C8 /* CoreGraphics.framework */ = {isa = PBXFileReference; lastKnownFileType = wrapper.framework; name = CoreGraphics.framework; path = System/Library/Frameworks/CoreGraphics.framework; sourceTree = SDKROOT; };
		47D956281729E1D8009397C8 /* test-Info.plist */ = {isa = PBXFileReference; lastKnownFileType = text.plist.xml; path = "test-Info.plist"; sourceTree = "<group>"; };
		47D9562A1729E1D8009397C8 /* en */ = {isa = PBXFileReference; lastKnownFileType = text.plist.strings; name = en; path = en.lproj/InfoPlist.strings; sourceTree = "<group>"; };
		47D9562C1729E1D8009397C8 /* main.m */ = {isa = PBXFileReference; lastKnownFileType = sourcecode.c.objc; path = main.m; sourceTree = "<group>"; };
		47D9562E1729E1D8009397C8 /* test-Prefix.pch */ = {isa = PBXFileReference; lastKnownFileType = sourcecode.c.h; path = "test-Prefix.pch"; sourceTree = "<group>"; };
		47D9562F1729E1D8009397C8 /* AppDelegate.h */ = {isa = PBXFileReference; lastKnownFileType = sourcecode.c.h; path = AppDelegate.h; sourceTree = "<group>"; };
		47D956301729E1D8009397C8 /* AppDelegate.m */ = {isa = PBXFileReference; lastKnownFileType = sourcecode.c.objc; path = AppDelegate.m; sourceTree = "<group>"; };
		47D956321729E1D8009397C8 /* Default.png */ = {isa = PBXFileReference; lastKnownFileType = image.png; path = Default.png; sourceTree = "<group>"; };
		47D956341729E1D8009397C8 /* Default@2x.png */ = {isa = PBXFileReference; lastKnownFileType = image.png; path = "Default@2x.png"; sourceTree = "<group>"; };
		47D956361729E1D8009397C8 /* Default-568h@2x.png */ = {isa = PBXFileReference; lastKnownFileType = image.png; path = "Default-568h@2x.png"; sourceTree = "<group>"; };
		47D956381729E1D8009397C8 /* ViewController.h */ = {isa = PBXFileReference; lastKnownFileType = sourcecode.c.h; path = ViewController.h; sourceTree = "<group>"; };
		47D956391729E1D8009397C8 /* ViewController.m */ = {isa = PBXFileReference; lastKnownFileType = sourcecode.c.objc; path = ViewController.m; sourceTree = "<group>"; };
		47D9563C1729E1D8009397C8 /* en */ = {isa = PBXFileReference; lastKnownFileType = file.xib; name = en; path = en.lproj/ViewController_iPhone.xib; sourceTree = "<group>"; };
		47D9563F1729E1D8009397C8 /* en */ = {isa = PBXFileReference; lastKnownFileType = file.xib; name = en; path = en.lproj/ViewController_iPad.xib; sourceTree = "<group>"; };
		47D956461729E20B009397C8 /* alien_0.png */ = {isa = PBXFileReference; lastKnownFileType = image.png; path = alien_0.png; sourceTree = "<group>"; };
		47D956481729E871009397C8 /* Alien.h */ = {isa = PBXFileReference; fileEncoding = 4; lastKnownFileType = sourcecode.c.h; path = Alien.h; sourceTree = "<group>"; };
		47D956491729E871009397C8 /* Alien.m */ = {isa = PBXFileReference; fileEncoding = 4; lastKnownFileType = sourcecode.c.objc; path = Alien.m; sourceTree = "<group>"; };
		96B77A08A5084FD8A017582C /* Pods.xcconfig */ = {isa = PBXFileReference; includeInIndex = 1; lastKnownFileType = text.xcconfig; name = Pods.xcconfig; path = Pods/Pods.xcconfig; sourceTree = SOURCE_ROOT; };
		DAD13404257B4799945430AB /* libPods.a */ = {isa = PBXFileReference; explicitFileType = archive.ar; includeInIndex = 0; path = libPods.a; sourceTree = BUILT_PRODUCTS_DIR; };
/* End PBXFileReference section */

/* Begin PBXFrameworksBuildPhase section */
		47D9561A1729E1D8009397C8 /* Frameworks */ = {
			isa = PBXFrameworksBuildPhase;
			buildActionMask = 2147483647;
			files = (
				47D956211729E1D8009397C8 /* UIKit.framework in Frameworks */,
				47D956231729E1D8009397C8 /* Foundation.framework in Frameworks */,
				47D956251729E1D8009397C8 /* CoreGraphics.framework in Frameworks */,
				48C11090A53E48C987E9319B /* libPods.a in Frameworks */,
			);
			runOnlyForDeploymentPostprocessing = 0;
		};
/* End PBXFrameworksBuildPhase section */

/* Begin PBXGroup section */
		47D956141729E1D8009397C8 = {
			isa = PBXGroup;
			children = (
				47D956261729E1D8009397C8 /* test */,
				47D9561F1729E1D8009397C8 /* Frameworks */,
				47D9561E1729E1D8009397C8 /* Products */,
				96B77A08A5084FD8A017582C /* Pods.xcconfig */,
			);
			sourceTree = "<group>";
		};
		47D9561E1729E1D8009397C8 /* Products */ = {
			isa = PBXGroup;
			children = (
				47D9561D1729E1D8009397C8 /* test.app */,
			);
			name = Products;
			sourceTree = "<group>";
		};
		47D9561F1729E1D8009397C8 /* Frameworks */ = {
			isa = PBXGroup;
			children = (
				47D956201729E1D8009397C8 /* UIKit.framework */,
				47D956221729E1D8009397C8 /* Foundation.framework */,
				47D956241729E1D8009397C8 /* CoreGraphics.framework */,
				DAD13404257B4799945430AB /* libPods.a */,
			);
			name = Frameworks;
			sourceTree = "<group>";
		};
		47D956261729E1D8009397C8 /* test */ = {
			isa = PBXGroup;
			children = (
				47D956481729E871009397C8 /* Alien.h */,
				47D956491729E871009397C8 /* Alien.m */,
				47D9562F1729E1D8009397C8 /* AppDelegate.h */,
				47D956301729E1D8009397C8 /* AppDelegate.m */,
				47D956381729E1D8009397C8 /* ViewController.h */,
				47D956391729E1D8009397C8 /* ViewController.m */,
				47D956461729E20B009397C8 /* alien_0.png */,
				47D9563B1729E1D8009397C8 /* ViewController_iPhone.xib */,
				47D9563E1729E1D8009397C8 /* ViewController_iPad.xib */,
				47D956271729E1D8009397C8 /* Supporting Files */,
			);
			path = test;
			sourceTree = "<group>";
		};
		47D956271729E1D8009397C8 /* Supporting Files */ = {
			isa = PBXGroup;
			children = (
				47D956281729E1D8009397C8 /* test-Info.plist */,
				47D956291729E1D8009397C8 /* InfoPlist.strings */,
				47D9562C1729E1D8009397C8 /* main.m */,
				47D9562E1729E1D8009397C8 /* test-Prefix.pch */,
				47D956321729E1D8009397C8 /* Default.png */,
				47D956341729E1D8009397C8 /* Default@2x.png */,
				47D956361729E1D8009397C8 /* Default-568h@2x.png */,
			);
			name = "Supporting Files";
			sourceTree = "<group>";
		};
/* End PBXGroup section */

/* Begin PBXNativeTarget section */
		47D9561C1729E1D8009397C8 /* test */ = {
			isa = PBXNativeTarget;
			buildConfigurationList = 47D956431729E1D8009397C8 /* Build configuration list for PBXNativeTarget "test" */;
			buildPhases = (
				47D956191729E1D8009397C8 /* Sources */,
				47D9561A1729E1D8009397C8 /* Frameworks */,
				47D9561B1729E1D8009397C8 /* Resources */,
				63D542F991914C469045D983 /* Copy Pods Resources */,
			);
			buildRules = (
			);
			dependencies = (
			);
			name = test;
			productName = test;
			productReference = 47D9561D1729E1D8009397C8 /* test.app */;
			productType = "com.apple.product-type.application";
		};
/* End PBXNativeTarget section */

/* Begin PBXProject section */
		47D956151729E1D8009397C8 /* Project object */ = {
			isa = PBXProject;
			attributes = {
				LastUpgradeCheck = 0460;
				ORGANIZATIONNAME = "Samantha John";
			};
			buildConfigurationList = 47D956181729E1D8009397C8 /* Build configuration list for PBXProject "test" */;
			compatibilityVersion = "Xcode 3.2";
			developmentRegion = English;
			hasScannedForEncodings = 0;
			knownRegions = (
				en,
			);
			mainGroup = 47D956141729E1D8009397C8;
			productRefGroup = 47D9561E1729E1D8009397C8 /* Products */;
			projectDirPath = "";
			projectRoot = "";
			targets = (
				47D9561C1729E1D8009397C8 /* test */,
			);
		};
/* End PBXProject section */

/* Begin PBXResourcesBuildPhase section */
		47D9561B1729E1D8009397C8 /* Resources */ = {
			isa = PBXResourcesBuildPhase;
			buildActionMask = 2147483647;
			files = (
				47D9562B1729E1D8009397C8 /* InfoPlist.strings in Resources */,
				47D956331729E1D8009397C8 /* Default.png in Resources */,
				47D956351729E1D8009397C8 /* Default@2x.png in Resources */,
				47D956371729E1D8009397C8 /* Default-568h@2x.png in Resources */,
				47D9563D1729E1D8009397C8 /* ViewController_iPhone.xib in Resources */,
				47D956401729E1D8009397C8 /* ViewController_iPad.xib in Resources */,
				47D956471729E20B009397C8 /* alien_0.png in Resources */,
			);
			runOnlyForDeploymentPostprocessing = 0;
		};
/* End PBXResourcesBuildPhase section */

/* Begin PBXShellScriptBuildPhase section */
		63D542F991914C469045D983 /* Copy Pods Resources */ = {
			isa = PBXShellScriptBuildPhase;
			buildActionMask = 2147483647;
			files = (
			);
			inputPaths = (
			);
			name = "Copy Pods Resources";
			outputPaths = (
			);
			runOnlyForDeploymentPostprocessing = 0;
			shellPath = /bin/sh;
			shellScript = "\"${SRCROOT}/Pods/Pods-resources.sh\"\n";
		};
/* End PBXShellScriptBuildPhase section */

/* Begin PBXSourcesBuildPhase section */
		47D956191729E1D8009397C8 /* Sources */ = {
			isa = PBXSourcesBuildPhase;
			buildActionMask = 2147483647;
			files = (
				47D9562D1729E1D8009397C8 /* main.m in Sources */,
				47D956311729E1D8009397C8 /* AppDelegate.m in Sources */,
				47D9563A1729E1D8009397C8 /* ViewController.m in Sources */,
				47D9564A1729E871009397C8 /* Alien.m in Sources */,
			);
			runOnlyForDeploymentPostprocessing = 0;
		};
/* End PBXSourcesBuildPhase section */

/* Begin PBXVariantGroup section */
		47D956291729E1D8009397C8 /* InfoPlist.strings */ = {
			isa = PBXVariantGroup;
			children = (
				47D9562A1729E1D8009397C8 /* en */,
			);
			name = InfoPlist.strings;
			sourceTree = "<group>";
		};
		47D9563B1729E1D8009397C8 /* ViewController_iPhone.xib */ = {
			isa = PBXVariantGroup;
			children = (
				47D9563C1729E1D8009397C8 /* en */,
			);
			name = ViewController_iPhone.xib;
			sourceTree = "<group>";
		};
		47D9563E1729E1D8009397C8 /* ViewController_iPad.xib */ = {
			isa = PBXVariantGroup;
			children = (
				47D9563F1729E1D8009397C8 /* en */,
			);
			name = ViewController_iPad.xib;
			sourceTree = "<group>";
		};
/* End PBXVariantGroup section */

/* Begin XCBuildConfiguration section */
		47D956411729E1D8009397C8 /* Debug */ = {
			isa = XCBuildConfiguration;
			buildSettings = {
				ALWAYS_SEARCH_USER_PATHS = NO;
				CLANG_CXX_LANGUAGE_STANDARD = "gnu++0x";
				CLANG_CXX_LIBRARY = "libc++";
				CLANG_WARN_CONSTANT_CONVERSION = YES;
				CLANG_WARN_EMPTY_BODY = YES;
				CLANG_WARN_ENUM_CONVERSION = YES;
				CLANG_WARN_INT_CONVERSION = YES;
				CLANG_WARN__DUPLICATE_METHOD_MATCH = YES;
				"CODE_SIGN_IDENTITY[sdk=iphoneos*]" = "iPhone Developer";
				COPY_PHASE_STRIP = NO;
				GCC_C_LANGUAGE_STANDARD = gnu99;
				GCC_DYNAMIC_NO_PIC = NO;
				GCC_OPTIMIZATION_LEVEL = 0;
				GCC_PREPROCESSOR_DEFINITIONS = (
					"DEBUG=1",
					"$(inherited)",
				);
				GCC_SYMBOLS_PRIVATE_EXTERN = NO;
				GCC_WARN_ABOUT_RETURN_TYPE = YES;
				GCC_WARN_UNINITIALIZED_AUTOS = YES;
				GCC_WARN_UNUSED_VARIABLE = YES;
				IPHONEOS_DEPLOYMENT_TARGET = 6.1;
				ONLY_ACTIVE_ARCH = YES;
				SDKROOT = iphoneos;
				TARGETED_DEVICE_FAMILY = "1,2";
			};
			name = Debug;
		};
		47D956421729E1D8009397C8 /* Release */ = {
			isa = XCBuildConfiguration;
			buildSettings = {
				ALWAYS_SEARCH_USER_PATHS = NO;
				CLANG_CXX_LANGUAGE_STANDARD = "gnu++0x";
				CLANG_CXX_LIBRARY = "libc++";
				CLANG_WARN_CONSTANT_CONVERSION = YES;
				CLANG_WARN_EMPTY_BODY = YES;
				CLANG_WARN_ENUM_CONVERSION = YES;
				CLANG_WARN_INT_CONVERSION = YES;
				CLANG_WARN__DUPLICATE_METHOD_MATCH = YES;
				"CODE_SIGN_IDENTITY[sdk=iphoneos*]" = "iPhone Developer";
				COPY_PHASE_STRIP = YES;
				GCC_C_LANGUAGE_STANDARD = gnu99;
				GCC_WARN_ABOUT_RETURN_TYPE = YES;
				GCC_WARN_UNINITIALIZED_AUTOS = YES;
				GCC_WARN_UNUSED_VARIABLE = YES;
				IPHONEOS_DEPLOYMENT_TARGET = 6.1;
				OTHER_CFLAGS = "-DNS_BLOCK_ASSERTIONS=1";
				SDKROOT = iphoneos;
				TARGETED_DEVICE_FAMILY = "1,2";
				VALIDATE_PRODUCT = YES;
			};
			name = Release;
		};
		47D956441729E1D8009397C8 /* Debug */ = {
			isa = XCBuildConfiguration;
			baseConfigurationReference = 96B77A08A5084FD8A017582C /* Pods.xcconfig */;
			buildSettings = {
				GCC_PRECOMPILE_PREFIX_HEADER = YES;
				GCC_PREFIX_HEADER = "test/test-Prefix.pch";
				INFOPLIST_FILE = "test/test-Info.plist";
				PRODUCT_NAME = "$(TARGET_NAME)";
				WRAPPER_EXTENSION = app;
			};
			name = Debug;
		};
		47D956451729E1D8009397C8 /* Release */ = {
			isa = XCBuildConfiguration;
			baseConfigurationReference = 96B77A08A5084FD8A017582C /* Pods.xcconfig */;
			buildSettings = {
				GCC_PRECOMPILE_PREFIX_HEADER = YES;
				GCC_PREFIX_HEADER = "test/test-Prefix.pch";
				INFOPLIST_FILE = "test/test-Info.plist";
				PRODUCT_NAME = "$(TARGET_NAME)";
				WRAPPER_EXTENSION = app;
			};
			name = Release;
		};
/* End XCBuildConfiguration section */

/* Begin XCConfigurationList section */
		47D956181729E1D8009397C8 /* Build configuration list for PBXProject "test" */ = {
			isa = XCConfigurationList;
			buildConfigurations = (
				47D956411729E1D8009397C8 /* Debug */,
				47D956421729E1D8009397C8 /* Release */,
			);
			defaultConfigurationIsVisible = 0;
			defaultConfigurationName = Release;
		};
		47D956431729E1D8009397C8 /* Build configuration list for PBXNativeTarget "test" */ = {
			isa = XCConfigurationList;
			buildConfigurations = (
				47D956441729E1D8009397C8 /* Debug */,
				47D956451729E1D8009397C8 /* Release */,
			);
			defaultConfigurationIsVisible = 0;
			defaultConfigurationName = Release;
		};
/* End XCConfigurationList section */
	};
	rootObject = 47D956151729E1D8009397C8 /* Project object */;
}
